// !$*UTF8*$!
{
	archiveVersion = 1;
	classes = {
	};
	objectVersion = 46;
	objects = {

/* Begin PBXBuildFile section */
		DCBCB5001E7631740031CB82 /* AXScrollingTransformKitFramework.framework in Frameworks */ = {isa = PBXBuildFile; fileRef = DCBCB4F71E7631740031CB82 /* AXScrollingTransformKitFramework.framework */; };
		DCBCB5071E7631740031CB82 /* AXScrollingTransformKitFrameworkTests.m in Sources */ = {isa = PBXBuildFile; fileRef = DCBCB5061E7631740031CB82 /* AXScrollingTransformKitFrameworkTests.m */; };
		DCBCB5091E7631740031CB82 /* AXScrollingTransformKitFramework.h in Headers */ = {isa = PBXBuildFile; fileRef = DCBCB4F91E7631740031CB82 /* AXScrollingTransformKitFramework.h */; settings = {ATTRIBUTES = (Public, ); }; };
		DCBCB50C1E7631740031CB82 /* AXScrollingTransformKitFramework.framework in Frameworks */ = {isa = PBXBuildFile; fileRef = DCBCB4F71E7631740031CB82 /* AXScrollingTransformKitFramework.framework */; };
		DCBCB50D1E7631740031CB82 /* AXScrollingTransformKitFramework.framework in Embed Frameworks */ = {isa = PBXBuildFile; fileRef = DCBCB4F71E7631740031CB82 /* AXScrollingTransformKitFramework.framework */; settings = {ATTRIBUTES = (CodeSignOnCopy, RemoveHeadersOnCopy, ); }; };
		DCBCB5161E7632030031CB82 /* UIScrollView+Transform.h in Headers */ = {isa = PBXBuildFile; fileRef = DCC350621E7540D9005C6540 /* UIScrollView+Transform.h */; };
		DCBCB5171E76322B0031CB82 /* UIScrollView+Transform.m in Sources */ = {isa = PBXBuildFile; fileRef = DCC350631E7540D9005C6540 /* UIScrollView+Transform.m */; };
		DCC350301E753F2A005C6540 /* main.m in Sources */ = {isa = PBXBuildFile; fileRef = DCC3502F1E753F2A005C6540 /* main.m */; };
		DCC350331E753F2A005C6540 /* AppDelegate.m in Sources */ = {isa = PBXBuildFile; fileRef = DCC350321E753F2A005C6540 /* AppDelegate.m */; };
		DCC350361E753F2A005C6540 /* ViewController.m in Sources */ = {isa = PBXBuildFile; fileRef = DCC350351E753F2A005C6540 /* ViewController.m */; };
		DCC350391E753F2A005C6540 /* Main.storyboard in Resources */ = {isa = PBXBuildFile; fileRef = DCC350371E753F2A005C6540 /* Main.storyboard */; };
		DCC3503B1E753F2A005C6540 /* Assets.xcassets in Resources */ = {isa = PBXBuildFile; fileRef = DCC3503A1E753F2A005C6540 /* Assets.xcassets */; };
		DCC3503E1E753F2A005C6540 /* LaunchScreen.storyboard in Resources */ = {isa = PBXBuildFile; fileRef = DCC3503C1E753F2A005C6540 /* LaunchScreen.storyboard */; };
		DCC350491E753F2A005C6540 /* AXScrollingTransformKitTests.m in Sources */ = {isa = PBXBuildFile; fileRef = DCC350481E753F2A005C6540 /* AXScrollingTransformKitTests.m */; };
		DCC350541E753F2A005C6540 /* AXScrollingTransformKitUITests.m in Sources */ = {isa = PBXBuildFile; fileRef = DCC350531E753F2A005C6540 /* AXScrollingTransformKitUITests.m */; };
		DCC350641E7540D9005C6540 /* UIScrollView+Transform.m in Sources */ = {isa = PBXBuildFile; fileRef = DCC350631E7540D9005C6540 /* UIScrollView+Transform.m */; };
		DCC350691E758C81005C6540 /* ScrollView.m in Sources */ = {isa = PBXBuildFile; fileRef = DCC350681E758C81005C6540 /* ScrollView.m */; };
		DCC3506B1E758FD1005C6540 /* manarola_town_in_italy-1920x1200.jpg in Resources */ = {isa = PBXBuildFile; fileRef = DCC3506A1E758FD1005C6540 /* manarola_town_in_italy-1920x1200.jpg */; };
/* End PBXBuildFile section */

/* Begin PBXContainerItemProxy section */
		DCBCB5011E7631740031CB82 /* PBXContainerItemProxy */ = {
			isa = PBXContainerItemProxy;
			containerPortal = DCC350231E753F2A005C6540 /* Project object */;
			proxyType = 1;
			remoteGlobalIDString = DCBCB4F61E7631740031CB82;
			remoteInfo = AXScrollingTransformKitFramework;
		};
		DCBCB5031E7631740031CB82 /* PBXContainerItemProxy */ = {
			isa = PBXContainerItemProxy;
			containerPortal = DCC350231E753F2A005C6540 /* Project object */;
			proxyType = 1;
			remoteGlobalIDString = DCC3502A1E753F2A005C6540;
			remoteInfo = AXScrollingTransformKit;
		};
		DCBCB50A1E7631740031CB82 /* PBXContainerItemProxy */ = {
			isa = PBXContainerItemProxy;
			containerPortal = DCC350231E753F2A005C6540 /* Project object */;
			proxyType = 1;
			remoteGlobalIDString = DCBCB4F61E7631740031CB82;
			remoteInfo = AXScrollingTransformKitFramework;
		};
		DCC350451E753F2A005C6540 /* PBXContainerItemProxy */ = {
			isa = PBXContainerItemProxy;
			containerPortal = DCC350231E753F2A005C6540 /* Project object */;
			proxyType = 1;
			remoteGlobalIDString = DCC3502A1E753F2A005C6540;
			remoteInfo = AXScrollingTransformKit;
		};
		DCC350501E753F2A005C6540 /* PBXContainerItemProxy */ = {
			isa = PBXContainerItemProxy;
			containerPortal = DCC350231E753F2A005C6540 /* Project object */;
			proxyType = 1;
			remoteGlobalIDString = DCC3502A1E753F2A005C6540;
			remoteInfo = AXScrollingTransformKit;
		};
/* End PBXContainerItemProxy section */

/* Begin PBXCopyFilesBuildPhase section */
		DCBCB5111E7631740031CB82 /* Embed Frameworks */ = {
			isa = PBXCopyFilesBuildPhase;
			buildActionMask = 2147483647;
			dstPath = "";
			dstSubfolderSpec = 10;
			files = (
				DCBCB50D1E7631740031CB82 /* AXScrollingTransformKitFramework.framework in Embed Frameworks */,
			);
			name = "Embed Frameworks";
			runOnlyForDeploymentPostprocessing = 0;
		};
/* End PBXCopyFilesBuildPhase section */

/* Begin PBXFileReference section */
		DCBCB4F71E7631740031CB82 /* AXScrollingTransformKitFramework.framework */ = {isa = PBXFileReference; explicitFileType = wrapper.framework; includeInIndex = 0; path = AXScrollingTransformKitFramework.framework; sourceTree = BUILT_PRODUCTS_DIR; };
		DCBCB4F91E7631740031CB82 /* AXScrollingTransformKitFramework.h */ = {isa = PBXFileReference; lastKnownFileType = sourcecode.c.h; path = AXScrollingTransformKitFramework.h; sourceTree = "<group>"; };
		DCBCB4FA1E7631740031CB82 /* Info.plist */ = {isa = PBXFileReference; lastKnownFileType = text.plist.xml; path = Info.plist; sourceTree = "<group>"; };
		DCBCB4FF1E7631740031CB82 /* AXScrollingTransformKitFrameworkTests.xctest */ = {isa = PBXFileReference; explicitFileType = wrapper.cfbundle; includeInIndex = 0; path = AXScrollingTransformKitFrameworkTests.xctest; sourceTree = BUILT_PRODUCTS_DIR; };
		DCBCB5061E7631740031CB82 /* AXScrollingTransformKitFrameworkTests.m */ = {isa = PBXFileReference; lastKnownFileType = sourcecode.c.objc; path = AXScrollingTransformKitFrameworkTests.m; sourceTree = "<group>"; };
		DCBCB5081E7631740031CB82 /* Info.plist */ = {isa = PBXFileReference; lastKnownFileType = text.plist.xml; path = Info.plist; sourceTree = "<group>"; };
		DCC3502B1E753F2A005C6540 /* AXScrollingTransformKit.app */ = {isa = PBXFileReference; explicitFileType = wrapper.application; includeInIndex = 0; path = AXScrollingTransformKit.app; sourceTree = BUILT_PRODUCTS_DIR; };
		DCC3502F1E753F2A005C6540 /* main.m */ = {isa = PBXFileReference; lastKnownFileType = sourcecode.c.objc; path = main.m; sourceTree = "<group>"; };
		DCC350311E753F2A005C6540 /* AppDelegate.h */ = {isa = PBXFileReference; lastKnownFileType = sourcecode.c.h; path = AppDelegate.h; sourceTree = "<group>"; };
		DCC350321E753F2A005C6540 /* AppDelegate.m */ = {isa = PBXFileReference; lastKnownFileType = sourcecode.c.objc; path = AppDelegate.m; sourceTree = "<group>"; };
		DCC350341E753F2A005C6540 /* ViewController.h */ = {isa = PBXFileReference; lastKnownFileType = sourcecode.c.h; path = ViewController.h; sourceTree = "<group>"; };
		DCC350351E753F2A005C6540 /* ViewController.m */ = {isa = PBXFileReference; lastKnownFileType = sourcecode.c.objc; path = ViewController.m; sourceTree = "<group>"; };
		DCC350381E753F2A005C6540 /* Base */ = {isa = PBXFileReference; lastKnownFileType = file.storyboard; name = Base; path = Base.lproj/Main.storyboard; sourceTree = "<group>"; };
		DCC3503A1E753F2A005C6540 /* Assets.xcassets */ = {isa = PBXFileReference; lastKnownFileType = folder.assetcatalog; path = Assets.xcassets; sourceTree = "<group>"; };
		DCC3503D1E753F2A005C6540 /* Base */ = {isa = PBXFileReference; lastKnownFileType = file.storyboard; name = Base; path = Base.lproj/LaunchScreen.storyboard; sourceTree = "<group>"; };
		DCC3503F1E753F2A005C6540 /* Info.plist */ = {isa = PBXFileReference; lastKnownFileType = text.plist.xml; path = Info.plist; sourceTree = "<group>"; };
		DCC350441E753F2A005C6540 /* AXScrollingTransformKitTests.xctest */ = {isa = PBXFileReference; explicitFileType = wrapper.cfbundle; includeInIndex = 0; path = AXScrollingTransformKitTests.xctest; sourceTree = BUILT_PRODUCTS_DIR; };
		DCC350481E753F2A005C6540 /* AXScrollingTransformKitTests.m */ = {isa = PBXFileReference; lastKnownFileType = sourcecode.c.objc; path = AXScrollingTransformKitTests.m; sourceTree = "<group>"; };
		DCC3504A1E753F2A005C6540 /* Info.plist */ = {isa = PBXFileReference; lastKnownFileType = text.plist.xml; path = Info.plist; sourceTree = "<group>"; };
		DCC3504F1E753F2A005C6540 /* AXScrollingTransformKitUITests.xctest */ = {isa = PBXFileReference; explicitFileType = wrapper.cfbundle; includeInIndex = 0; path = AXScrollingTransformKitUITests.xctest; sourceTree = BUILT_PRODUCTS_DIR; };
		DCC350531E753F2A005C6540 /* AXScrollingTransformKitUITests.m */ = {isa = PBXFileReference; lastKnownFileType = sourcecode.c.objc; path = AXScrollingTransformKitUITests.m; sourceTree = "<group>"; };
		DCC350551E753F2A005C6540 /* Info.plist */ = {isa = PBXFileReference; lastKnownFileType = text.plist.xml; path = Info.plist; sourceTree = "<group>"; };
		DCC350621E7540D9005C6540 /* UIScrollView+Transform.h */ = {isa = PBXFileReference; fileEncoding = 4; lastKnownFileType = sourcecode.c.h; path = "UIScrollView+Transform.h"; sourceTree = "<group>"; };
		DCC350631E7540D9005C6540 /* UIScrollView+Transform.m */ = {isa = PBXFileReference; fileEncoding = 4; lastKnownFileType = sourcecode.c.objc; path = "UIScrollView+Transform.m"; sourceTree = "<group>"; };
		DCC350671E758C81005C6540 /* ScrollView.h */ = {isa = PBXFileReference; fileEncoding = 4; lastKnownFileType = sourcecode.c.h; path = ScrollView.h; sourceTree = "<group>"; };
		DCC350681E758C81005C6540 /* ScrollView.m */ = {isa = PBXFileReference; fileEncoding = 4; lastKnownFileType = sourcecode.c.objc; path = ScrollView.m; sourceTree = "<group>"; };
		DCC3506A1E758FD1005C6540 /* manarola_town_in_italy-1920x1200.jpg */ = {isa = PBXFileReference; lastKnownFileType = image.jpeg; path = "manarola_town_in_italy-1920x1200.jpg"; sourceTree = "<group>"; };
/* End PBXFileReference section */

/* Begin PBXFrameworksBuildPhase section */
		DCBCB4F31E7631740031CB82 /* Frameworks */ = {
			isa = PBXFrameworksBuildPhase;
			buildActionMask = 2147483647;
			files = (
			);
			runOnlyForDeploymentPostprocessing = 0;
		};
		DCBCB4FC1E7631740031CB82 /* Frameworks */ = {
			isa = PBXFrameworksBuildPhase;
			buildActionMask = 2147483647;
			files = (
				DCBCB5001E7631740031CB82 /* AXScrollingTransformKitFramework.framework in Frameworks */,
			);
			runOnlyForDeploymentPostprocessing = 0;
		};
		DCC350281E753F2A005C6540 /* Frameworks */ = {
			isa = PBXFrameworksBuildPhase;
			buildActionMask = 2147483647;
			files = (
				DCBCB50C1E7631740031CB82 /* AXScrollingTransformKitFramework.framework in Frameworks */,
			);
			runOnlyForDeploymentPostprocessing = 0;
		};
		DCC350411E753F2A005C6540 /* Frameworks */ = {
			isa = PBXFrameworksBuildPhase;
			buildActionMask = 2147483647;
			files = (
			);
			runOnlyForDeploymentPostprocessing = 0;
		};
		DCC3504C1E753F2A005C6540 /* Frameworks */ = {
			isa = PBXFrameworksBuildPhase;
			buildActionMask = 2147483647;
			files = (
			);
			runOnlyForDeploymentPostprocessing = 0;
		};
/* End PBXFrameworksBuildPhase section */

/* Begin PBXGroup section */
		DCBCB4F81E7631740031CB82 /* AXScrollingTransformKitFramework */ = {
			isa = PBXGroup;
			children = (
				DCBCB4F91E7631740031CB82 /* AXScrollingTransformKitFramework.h */,
				DCBCB4FA1E7631740031CB82 /* Info.plist */,
			);
			path = AXScrollingTransformKitFramework;
			sourceTree = "<group>";
		};
		DCBCB5051E7631740031CB82 /* AXScrollingTransformKitFrameworkTests */ = {
			isa = PBXGroup;
			children = (
				DCBCB5061E7631740031CB82 /* AXScrollingTransformKitFrameworkTests.m */,
				DCBCB5081E7631740031CB82 /* Info.plist */,
			);
			path = AXScrollingTransformKitFrameworkTests;
			sourceTree = "<group>";
		};
		DCC350221E753F2A005C6540 = {
			isa = PBXGroup;
			children = (
				DCC3502D1E753F2A005C6540 /* AXScrollingTransformKit */,
				DCC350471E753F2A005C6540 /* AXScrollingTransformKitTests */,
				DCC350521E753F2A005C6540 /* AXScrollingTransformKitUITests */,
				DCBCB4F81E7631740031CB82 /* AXScrollingTransformKitFramework */,
				DCBCB5051E7631740031CB82 /* AXScrollingTransformKitFrameworkTests */,
				DCC3502C1E753F2A005C6540 /* Products */,
			);
			sourceTree = "<group>";
		};
		DCC3502C1E753F2A005C6540 /* Products */ = {
			isa = PBXGroup;
			children = (
				DCC3502B1E753F2A005C6540 /* AXScrollingTransformKit.app */,
				DCC350441E753F2A005C6540 /* AXScrollingTransformKitTests.xctest */,
				DCC3504F1E753F2A005C6540 /* AXScrollingTransformKitUITests.xctest */,
				DCBCB4F71E7631740031CB82 /* AXScrollingTransformKitFramework.framework */,
				DCBCB4FF1E7631740031CB82 /* AXScrollingTransformKitFrameworkTests.xctest */,
			);
			name = Products;
			sourceTree = "<group>";
		};
		DCC3502D1E753F2A005C6540 /* AXScrollingTransformKit */ = {
			isa = PBXGroup;
			children = (
				DCC350311E753F2A005C6540 /* AppDelegate.h */,
				DCC350321E753F2A005C6540 /* AppDelegate.m */,
				DCC350341E753F2A005C6540 /* ViewController.h */,
				DCC350351E753F2A005C6540 /* ViewController.m */,
				DCC350671E758C81005C6540 /* ScrollView.h */,
				DCC350681E758C81005C6540 /* ScrollView.m */,
				DCC350611E754088005C6540 /* Classes */,
				DCC350371E753F2A005C6540 /* Main.storyboard */,
				DCC3506A1E758FD1005C6540 /* manarola_town_in_italy-1920x1200.jpg */,
				DCC3503A1E753F2A005C6540 /* Assets.xcassets */,
				DCC3503C1E753F2A005C6540 /* LaunchScreen.storyboard */,
				DCC3503F1E753F2A005C6540 /* Info.plist */,
				DCC3502E1E753F2A005C6540 /* Supporting Files */,
			);
			path = AXScrollingTransformKit;
			sourceTree = "<group>";
		};
		DCC3502E1E753F2A005C6540 /* Supporting Files */ = {
			isa = PBXGroup;
			children = (
				DCC3502F1E753F2A005C6540 /* main.m */,
			);
			name = "Supporting Files";
			sourceTree = "<group>";
		};
		DCC350471E753F2A005C6540 /* AXScrollingTransformKitTests */ = {
			isa = PBXGroup;
			children = (
				DCC350481E753F2A005C6540 /* AXScrollingTransformKitTests.m */,
				DCC3504A1E753F2A005C6540 /* Info.plist */,
			);
			path = AXScrollingTransformKitTests;
			sourceTree = "<group>";
		};
		DCC350521E753F2A005C6540 /* AXScrollingTransformKitUITests */ = {
			isa = PBXGroup;
			children = (
				DCC350531E753F2A005C6540 /* AXScrollingTransformKitUITests.m */,
				DCC350551E753F2A005C6540 /* Info.plist */,
			);
			path = AXScrollingTransformKitUITests;
			sourceTree = "<group>";
		};
		DCC350611E754088005C6540 /* Classes */ = {
			isa = PBXGroup;
			children = (
				DCC350621E7540D9005C6540 /* UIScrollView+Transform.h */,
				DCC350631E7540D9005C6540 /* UIScrollView+Transform.m */,
			);
			path = Classes;
			sourceTree = "<group>";
		};
/* End PBXGroup section */

/* Begin PBXHeadersBuildPhase section */
		DCBCB4F41E7631740031CB82 /* Headers */ = {
			isa = PBXHeadersBuildPhase;
			buildActionMask = 2147483647;
			files = (
				DCBCB5091E7631740031CB82 /* AXScrollingTransformKitFramework.h in Headers */,
			);
			runOnlyForDeploymentPostprocessing = 0;
		};
		DCBCB5151E7631FF0031CB82 /* Headers */ = {
			isa = PBXHeadersBuildPhase;
			buildActionMask = 2147483647;
			files = (
				DCBCB5161E7632030031CB82 /* UIScrollView+Transform.h in Headers */,
			);
			runOnlyForDeploymentPostprocessing = 0;
		};
/* End PBXHeadersBuildPhase section */

/* Begin PBXNativeTarget section */
		DCBCB4F61E7631740031CB82 /* AXScrollingTransformKitFramework */ = {
			isa = PBXNativeTarget;
			buildConfigurationList = DCBCB50E1E7631740031CB82 /* Build configuration list for PBXNativeTarget "AXScrollingTransformKitFramework" */;
			buildPhases = (
				DCBCB4F21E7631740031CB82 /* Sources */,
				DCBCB4F31E7631740031CB82 /* Frameworks */,
				DCBCB4F41E7631740031CB82 /* Headers */,
				DCBCB4F51E7631740031CB82 /* Resources */,
			);
			buildRules = (
			);
			dependencies = (
			);
			name = AXScrollingTransformKitFramework;
			productName = AXScrollingTransformKitFramework;
			productReference = DCBCB4F71E7631740031CB82 /* AXScrollingTransformKitFramework.framework */;
			productType = "com.apple.product-type.framework";
		};
		DCBCB4FE1E7631740031CB82 /* AXScrollingTransformKitFrameworkTests */ = {
			isa = PBXNativeTarget;
			buildConfigurationList = DCBCB5121E7631740031CB82 /* Build configuration list for PBXNativeTarget "AXScrollingTransformKitFrameworkTests" */;
			buildPhases = (
				DCBCB4FB1E7631740031CB82 /* Sources */,
				DCBCB4FC1E7631740031CB82 /* Frameworks */,
				DCBCB4FD1E7631740031CB82 /* Resources */,
				DCBCB5151E7631FF0031CB82 /* Headers */,
			);
			buildRules = (
			);
			dependencies = (
				DCBCB5021E7631740031CB82 /* PBXTargetDependency */,
				DCBCB5041E7631740031CB82 /* PBXTargetDependency */,
			);
			name = AXScrollingTransformKitFrameworkTests;
			productName = AXScrollingTransformKitFrameworkTests;
			productReference = DCBCB4FF1E7631740031CB82 /* AXScrollingTransformKitFrameworkTests.xctest */;
			productType = "com.apple.product-type.bundle.unit-test";
		};
		DCC3502A1E753F2A005C6540 /* AXScrollingTransformKit */ = {
			isa = PBXNativeTarget;
			buildConfigurationList = DCC350581E753F2A005C6540 /* Build configuration list for PBXNativeTarget "AXScrollingTransformKit" */;
			buildPhases = (
				DCC350271E753F2A005C6540 /* Sources */,
				DCC350281E753F2A005C6540 /* Frameworks */,
				DCC350291E753F2A005C6540 /* Resources */,
				DCBCB5111E7631740031CB82 /* Embed Frameworks */,
			);
			buildRules = (
			);
			dependencies = (
				DCBCB50B1E7631740031CB82 /* PBXTargetDependency */,
			);
			name = AXScrollingTransformKit;
			productName = AXScrollingTransformKit;
			productReference = DCC3502B1E753F2A005C6540 /* AXScrollingTransformKit.app */;
			productType = "com.apple.product-type.application";
		};
		DCC350431E753F2A005C6540 /* AXScrollingTransformKitTests */ = {
			isa = PBXNativeTarget;
			buildConfigurationList = DCC3505B1E753F2A005C6540 /* Build configuration list for PBXNativeTarget "AXScrollingTransformKitTests" */;
			buildPhases = (
				DCC350401E753F2A005C6540 /* Sources */,
				DCC350411E753F2A005C6540 /* Frameworks */,
				DCC350421E753F2A005C6540 /* Resources */,
			);
			buildRules = (
			);
			dependencies = (
				DCC350461E753F2A005C6540 /* PBXTargetDependency */,
			);
			name = AXScrollingTransformKitTests;
			productName = AXScrollingTransformKitTests;
			productReference = DCC350441E753F2A005C6540 /* AXScrollingTransformKitTests.xctest */;
			productType = "com.apple.product-type.bundle.unit-test";
		};
		DCC3504E1E753F2A005C6540 /* AXScrollingTransformKitUITests */ = {
			isa = PBXNativeTarget;
			buildConfigurationList = DCC3505E1E753F2A005C6540 /* Build configuration list for PBXNativeTarget "AXScrollingTransformKitUITests" */;
			buildPhases = (
				DCC3504B1E753F2A005C6540 /* Sources */,
				DCC3504C1E753F2A005C6540 /* Frameworks */,
				DCC3504D1E753F2A005C6540 /* Resources */,
			);
			buildRules = (
			);
			dependencies = (
				DCC350511E753F2A005C6540 /* PBXTargetDependency */,
			);
			name = AXScrollingTransformKitUITests;
			productName = AXScrollingTransformKitUITests;
			productReference = DCC3504F1E753F2A005C6540 /* AXScrollingTransformKitUITests.xctest */;
			productType = "com.apple.product-type.bundle.ui-testing";
		};
/* End PBXNativeTarget section */

/* Begin PBXProject section */
		DCC350231E753F2A005C6540 /* Project object */ = {
			isa = PBXProject;
			attributes = {
				LastUpgradeCheck = 0820;
				ORGANIZATIONNAME = jiangyou;
				TargetAttributes = {
					DCBCB4F61E7631740031CB82 = {
						CreatedOnToolsVersion = 8.2.1;
						DevelopmentTeam = TKA48YVS5T;
						ProvisioningStyle = Automatic;
					};
					DCBCB4FE1E7631740031CB82 = {
						CreatedOnToolsVersion = 8.2.1;
						DevelopmentTeam = TKA48YVS5T;
						ProvisioningStyle = Automatic;
						TestTargetID = DCC3502A1E753F2A005C6540;
					};
					DCC3502A1E753F2A005C6540 = {
						CreatedOnToolsVersion = 8.2.1;
						DevelopmentTeam = TKA48YVS5T;
						ProvisioningStyle = Automatic;
					};
					DCC350431E753F2A005C6540 = {
						CreatedOnToolsVersion = 8.2.1;
						DevelopmentTeam = TKA48YVS5T;
						ProvisioningStyle = Automatic;
						TestTargetID = DCC3502A1E753F2A005C6540;
					};
					DCC3504E1E753F2A005C6540 = {
						CreatedOnToolsVersion = 8.2.1;
						DevelopmentTeam = TKA48YVS5T;
						ProvisioningStyle = Automatic;
						TestTargetID = DCC3502A1E753F2A005C6540;
					};
				};
			};
			buildConfigurationList = DCC350261E753F2A005C6540 /* Build configuration list for PBXProject "AXScrollingTransformKit" */;
			compatibilityVersion = "Xcode 3.2";
			developmentRegion = English;
			hasScannedForEncodings = 0;
			knownRegions = (
				en,
				Base,
			);
			mainGroup = DCC350221E753F2A005C6540;
			productRefGroup = DCC3502C1E753F2A005C6540 /* Products */;
			projectDirPath = "";
			projectRoot = "";
			targets = (
				DCC3502A1E753F2A005C6540 /* AXScrollingTransformKit */,
				DCC350431E753F2A005C6540 /* AXScrollingTransformKitTests */,
				DCC3504E1E753F2A005C6540 /* AXScrollingTransformKitUITests */,
				DCBCB4F61E7631740031CB82 /* AXScrollingTransformKitFramework */,
				DCBCB4FE1E7631740031CB82 /* AXScrollingTransformKitFrameworkTests */,
			);
		};
/* End PBXProject section */

/* Begin PBXResourcesBuildPhase section */
		DCBCB4F51E7631740031CB82 /* Resources */ = {
			isa = PBXResourcesBuildPhase;
			buildActionMask = 2147483647;
			files = (
			);
			runOnlyForDeploymentPostprocessing = 0;
		};
		DCBCB4FD1E7631740031CB82 /* Resources */ = {
			isa = PBXResourcesBuildPhase;
			buildActionMask = 2147483647;
			files = (
			);
			runOnlyForDeploymentPostprocessing = 0;
		};
		DCC350291E753F2A005C6540 /* Resources */ = {
			isa = PBXResourcesBuildPhase;
			buildActionMask = 2147483647;
			files = (
				DCC3503E1E753F2A005C6540 /* LaunchScreen.storyboard in Resources */,
				DCC3506B1E758FD1005C6540 /* manarola_town_in_italy-1920x1200.jpg in Resources */,
				DCC3503B1E753F2A005C6540 /* Assets.xcassets in Resources */,
				DCC350391E753F2A005C6540 /* Main.storyboard in Resources */,
			);
			runOnlyForDeploymentPostprocessing = 0;
		};
		DCC350421E753F2A005C6540 /* Resources */ = {
			isa = PBXResourcesBuildPhase;
			buildActionMask = 2147483647;
			files = (
			);
			runOnlyForDeploymentPostprocessing = 0;
		};
		DCC3504D1E753F2A005C6540 /* Resources */ = {
			isa = PBXResourcesBuildPhase;
			buildActionMask = 2147483647;
			files = (
			);
			runOnlyForDeploymentPostprocessing = 0;
		};
/* End PBXResourcesBuildPhase section */

/* Begin PBXSourcesBuildPhase section */
		DCBCB4F21E7631740031CB82 /* Sources */ = {
			isa = PBXSourcesBuildPhase;
			buildActionMask = 2147483647;
			files = (
			);
			runOnlyForDeploymentPostprocessing = 0;
		};
		DCBCB4FB1E7631740031CB82 /* Sources */ = {
			isa = PBXSourcesBuildPhase;
			buildActionMask = 2147483647;
			files = (
				DCBCB5171E76322B0031CB82 /* UIScrollView+Transform.m in Sources */,
				DCBCB5071E7631740031CB82 /* AXScrollingTransformKitFrameworkTests.m in Sources */,
			);
			runOnlyForDeploymentPostprocessing = 0;
		};
		DCC350271E753F2A005C6540 /* Sources */ = {
			isa = PBXSourcesBuildPhase;
			buildActionMask = 2147483647;
			files = (
				DCC350361E753F2A005C6540 /* ViewController.m in Sources */,
				DCC350331E753F2A005C6540 /* AppDelegate.m in Sources */,
				DCC350641E7540D9005C6540 /* UIScrollView+Transform.m in Sources */,
				DCC350301E753F2A005C6540 /* main.m in Sources */,
				DCC350691E758C81005C6540 /* ScrollView.m in Sources */,
			);
			runOnlyForDeploymentPostprocessing = 0;
		};
		DCC350401E753F2A005C6540 /* Sources */ = {
			isa = PBXSourcesBuildPhase;
			buildActionMask = 2147483647;
			files = (
				DCC350491E753F2A005C6540 /* AXScrollingTransformKitTests.m in Sources */,
			);
			runOnlyForDeploymentPostprocessing = 0;
		};
		DCC3504B1E753F2A005C6540 /* Sources */ = {
			isa = PBXSourcesBuildPhase;
			buildActionMask = 2147483647;
			files = (
				DCC350541E753F2A005C6540 /* AXScrollingTransformKitUITests.m in Sources */,
			);
			runOnlyForDeploymentPostprocessing = 0;
		};
/* End PBXSourcesBuildPhase section */

/* Begin PBXTargetDependency section */
		DCBCB5021E7631740031CB82 /* PBXTargetDependency */ = {
			isa = PBXTargetDependency;
			target = DCBCB4F61E7631740031CB82 /* AXScrollingTransformKitFramework */;
			targetProxy = DCBCB5011E7631740031CB82 /* PBXContainerItemProxy */;
		};
		DCBCB5041E7631740031CB82 /* PBXTargetDependency */ = {
			isa = PBXTargetDependency;
			target = DCC3502A1E753F2A005C6540 /* AXScrollingTransformKit */;
			targetProxy = DCBCB5031E7631740031CB82 /* PBXContainerItemProxy */;
		};
		DCBCB50B1E7631740031CB82 /* PBXTargetDependency */ = {
			isa = PBXTargetDependency;
			target = DCBCB4F61E7631740031CB82 /* AXScrollingTransformKitFramework */;
			targetProxy = DCBCB50A1E7631740031CB82 /* PBXContainerItemProxy */;
		};
		DCC350461E753F2A005C6540 /* PBXTargetDependency */ = {
			isa = PBXTargetDependency;
			target = DCC3502A1E753F2A005C6540 /* AXScrollingTransformKit */;
			targetProxy = DCC350451E753F2A005C6540 /* PBXContainerItemProxy */;
		};
		DCC350511E753F2A005C6540 /* PBXTargetDependency */ = {
			isa = PBXTargetDependency;
			target = DCC3502A1E753F2A005C6540 /* AXScrollingTransformKit */;
			targetProxy = DCC350501E753F2A005C6540 /* PBXContainerItemProxy */;
		};
/* End PBXTargetDependency section */

/* Begin PBXVariantGroup section */
		DCC350371E753F2A005C6540 /* Main.storyboard */ = {
			isa = PBXVariantGroup;
			children = (
				DCC350381E753F2A005C6540 /* Base */,
			);
			name = Main.storyboard;
			sourceTree = "<group>";
		};
		DCC3503C1E753F2A005C6540 /* LaunchScreen.storyboard */ = {
			isa = PBXVariantGroup;
			children = (
				DCC3503D1E753F2A005C6540 /* Base */,
			);
			name = LaunchScreen.storyboard;
			sourceTree = "<group>";
		};
/* End PBXVariantGroup section */

/* Begin XCBuildConfiguration section */
		DCBCB50F1E7631740031CB82 /* Debug */ = {
			isa = XCBuildConfiguration;
			buildSettings = {
				CODE_SIGN_IDENTITY = "";
				CURRENT_PROJECT_VERSION = 1;
				DEFINES_MODULE = YES;
				DEVELOPMENT_TEAM = TKA48YVS5T;
				DYLIB_COMPATIBILITY_VERSION = 1;
				DYLIB_CURRENT_VERSION = 1;
				DYLIB_INSTALL_NAME_BASE = "@rpath";
				INFOPLIST_FILE = AXScrollingTransformKitFramework/Info.plist;
				INSTALL_PATH = "$(LOCAL_LIBRARY_DIR)/Frameworks";
				LD_RUNPATH_SEARCH_PATHS = "$(inherited) @executable_path/Frameworks @loader_path/Frameworks";
				PRODUCT_BUNDLE_IDENTIFIER = devedbox.AXScrollingTransformKitFramework;
				PRODUCT_NAME = "$(TARGET_NAME)";
				SKIP_INSTALL = YES;
				VERSIONING_SYSTEM = "apple-generic";
				VERSION_INFO_PREFIX = "";
			};
			name = Debug;
		};
		DCBCB5101E7631740031CB82 /* Release */ = {
			isa = XCBuildConfiguration;
			buildSettings = {
				CODE_SIGN_IDENTITY = "";
				CURRENT_PROJECT_VERSION = 1;
				DEFINES_MODULE = YES;
				DEVELOPMENT_TEAM = TKA48YVS5T;
				DYLIB_COMPATIBILITY_VERSION = 1;
				DYLIB_CURRENT_VERSION = 1;
				DYLIB_INSTALL_NAME_BASE = "@rpath";
				INFOPLIST_FILE = AXScrollingTransformKitFramework/Info.plist;
				INSTALL_PATH = "$(LOCAL_LIBRARY_DIR)/Frameworks";
				LD_RUNPATH_SEARCH_PATHS = "$(inherited) @executable_path/Frameworks @loader_path/Frameworks";
				PRODUCT_BUNDLE_IDENTIFIER = devedbox.AXScrollingTransformKitFramework;
				PRODUCT_NAME = "$(TARGET_NAME)";
				SKIP_INSTALL = YES;
				VERSIONING_SYSTEM = "apple-generic";
				VERSION_INFO_PREFIX = "";
			};
			name = Release;
		};
		DCBCB5131E7631740031CB82 /* Debug */ = {
			isa = XCBuildConfiguration;
			buildSettings = {
				DEVELOPMENT_TEAM = TKA48YVS5T;
				INFOPLIST_FILE = AXScrollingTransformKitFrameworkTests/Info.plist;
				LD_RUNPATH_SEARCH_PATHS = "$(inherited) @executable_path/Frameworks @loader_path/Frameworks";
				PRODUCT_BUNDLE_IDENTIFIER = devedbox.AXScrollingTransformKitFrameworkTests;
				PRODUCT_NAME = "$(TARGET_NAME)";
				TEST_HOST = "$(BUILT_PRODUCTS_DIR)/AXScrollingTransformKit.app/AXScrollingTransformKit";
			};
			name = Debug;
		};
		DCBCB5141E7631740031CB82 /* Release */ = {
			isa = XCBuildConfiguration;
			buildSettings = {
				DEVELOPMENT_TEAM = TKA48YVS5T;
				INFOPLIST_FILE = AXScrollingTransformKitFrameworkTests/Info.plist;
				LD_RUNPATH_SEARCH_PATHS = "$(inherited) @executable_path/Frameworks @loader_path/Frameworks";
				PRODUCT_BUNDLE_IDENTIFIER = devedbox.AXScrollingTransformKitFrameworkTests;
				PRODUCT_NAME = "$(TARGET_NAME)";
				TEST_HOST = "$(BUILT_PRODUCTS_DIR)/AXScrollingTransformKit.app/AXScrollingTransformKit";
			};
			name = Release;
		};
		DCC350561E753F2A005C6540 /* Debug */ = {
			isa = XCBuildConfiguration;
			buildSettings = {
				ALWAYS_SEARCH_USER_PATHS = NO;
				CLANG_ANALYZER_NONNULL = YES;
				CLANG_CXX_LANGUAGE_STANDARD = "gnu++0x";
				CLANG_CXX_LIBRARY = "libc++";
				CLANG_ENABLE_MODULES = YES;
				CLANG_ENABLE_OBJC_ARC = YES;
				CLANG_WARN_BOOL_CONVERSION = YES;
				CLANG_WARN_CONSTANT_CONVERSION = YES;
				CLANG_WARN_DIRECT_OBJC_ISA_USAGE = YES_ERROR;
				CLANG_WARN_DOCUMENTATION_COMMENTS = YES;
				CLANG_WARN_EMPTY_BODY = YES;
				CLANG_WARN_ENUM_CONVERSION = YES;
				CLANG_WARN_INFINITE_RECURSION = YES;
				CLANG_WARN_INT_CONVERSION = YES;
				CLANG_WARN_OBJC_ROOT_CLASS = YES_ERROR;
				CLANG_WARN_SUSPICIOUS_MOVE = YES;
				CLANG_WARN_UNREACHABLE_CODE = YES;
				CLANG_WARN__DUPLICATE_METHOD_MATCH = YES;
				"CODE_SIGN_IDENTITY[sdk=iphoneos*]" = "iPhone Developer";
				COPY_PHASE_STRIP = NO;
				DEBUG_INFORMATION_FORMAT = dwarf;
				ENABLE_STRICT_OBJC_MSGSEND = YES;
				ENABLE_TESTABILITY = YES;
				GCC_C_LANGUAGE_STANDARD = gnu99;
				GCC_DYNAMIC_NO_PIC = NO;
				GCC_NO_COMMON_BLOCKS = YES;
				GCC_OPTIMIZATION_LEVEL = 0;
				GCC_PREPROCESSOR_DEFINITIONS = (
					"DEBUG=1",
					"$(inherited)",
				);
				GCC_WARN_64_TO_32_BIT_CONVERSION = YES;
				GCC_WARN_ABOUT_RETURN_TYPE = YES_ERROR;
				GCC_WARN_UNDECLARED_SELECTOR = YES;
				GCC_WARN_UNINITIALIZED_AUTOS = YES_AGGRESSIVE;
				GCC_WARN_UNUSED_FUNCTION = YES;
				GCC_WARN_UNUSED_VARIABLE = YES;
				IPHONEOS_DEPLOYMENT_TARGET = 10.2;
				MTL_ENABLE_DEBUG_INFO = YES;
				ONLY_ACTIVE_ARCH = YES;
				SDKROOT = iphoneos;
				TARGETED_DEVICE_FAMILY = "1,2";
			};
			name = Debug;
		};
		DCC350571E753F2A005C6540 /* Release */ = {
			isa = XCBuildConfiguration;
			buildSettings = {
				ALWAYS_SEARCH_USER_PATHS = NO;
				CLANG_ANALYZER_NONNULL = YES;
				CLANG_CXX_LANGUAGE_STANDARD = "gnu++0x";
				CLANG_CXX_LIBRARY = "libc++";
				CLANG_ENABLE_MODULES = YES;
				CLANG_ENABLE_OBJC_ARC = YES;
				CLANG_WARN_BOOL_CONVERSION = YES;
				CLANG_WARN_CONSTANT_CONVERSION = YES;
				CLANG_WARN_DIRECT_OBJC_ISA_USAGE = YES_ERROR;
				CLANG_WARN_DOCUMENTATION_COMMENTS = YES;
				CLANG_WARN_EMPTY_BODY = YES;
				CLANG_WARN_ENUM_CONVERSION = YES;
				CLANG_WARN_INFINITE_RECURSION = YES;
				CLANG_WARN_INT_CONVERSION = YES;
				CLANG_WARN_OBJC_ROOT_CLASS = YES_ERROR;
				CLANG_WARN_SUSPICIOUS_MOVE = YES;
				CLANG_WARN_UNREACHABLE_CODE = YES;
				CLANG_WARN__DUPLICATE_METHOD_MATCH = YES;
				"CODE_SIGN_IDENTITY[sdk=iphoneos*]" = "iPhone Developer";
				COPY_PHASE_STRIP = NO;
				DEBUG_INFORMATION_FORMAT = "dwarf-with-dsym";
				ENABLE_NS_ASSERTIONS = NO;
				ENABLE_STRICT_OBJC_MSGSEND = YES;
				GCC_C_LANGUAGE_STANDARD = gnu99;
				GCC_NO_COMMON_BLOCKS = YES;
				GCC_WARN_64_TO_32_BIT_CONVERSION = YES;
				GCC_WARN_ABOUT_RETURN_TYPE = YES_ERROR;
				GCC_WARN_UNDECLARED_SELECTOR = YES;
				GCC_WARN_UNINITIALIZED_AUTOS = YES_AGGRESSIVE;
				GCC_WARN_UNUSED_FUNCTION = YES;
				GCC_WARN_UNUSED_VARIABLE = YES;
				IPHONEOS_DEPLOYMENT_TARGET = 10.2;
				MTL_ENABLE_DEBUG_INFO = NO;
				SDKROOT = iphoneos;
				TARGETED_DEVICE_FAMILY = "1,2";
				VALIDATE_PRODUCT = YES;
			};
			name = Release;
		};
		DCC350591E753F2A005C6540 /* Debug */ = {
			isa = XCBuildConfiguration;
			buildSettings = {
				ASSETCATALOG_COMPILER_APPICON_NAME = AppIcon;
				DEVELOPMENT_TEAM = TKA48YVS5T;
				INFOPLIST_FILE = AXScrollingTransformKit/Info.plist;
				LD_RUNPATH_SEARCH_PATHS = "$(inherited) @executable_path/Frameworks";
				PRODUCT_BUNDLE_IDENTIFIER = com.jiangyou.AXScrollingTransformKit;
				PRODUCT_NAME = "$(TARGET_NAME)";
			};
			name = Debug;
		};
		DCC3505A1E753F2A005C6540 /* Release */ = {
			isa = XCBuildConfiguration;
			buildSettings = {
				ASSETCATALOG_COMPILER_APPICON_NAME = AppIcon;
				DEVELOPMENT_TEAM = TKA48YVS5T;
				INFOPLIST_FILE = AXScrollingTransformKit/Info.plist;
				LD_RUNPATH_SEARCH_PATHS = "$(inherited) @executable_path/Frameworks";
				PRODUCT_BUNDLE_IDENTIFIER = com.jiangyou.AXScrollingTransformKit;
				PRODUCT_NAME = "$(TARGET_NAME)";
			};
			name = Release;
		};
		DCC3505C1E753F2A005C6540 /* Debug */ = {
			isa = XCBuildConfiguration;
			buildSettings = {
				BUNDLE_LOADER = "$(TEST_HOST)";
				DEVELOPMENT_TEAM = TKA48YVS5T;
				INFOPLIST_FILE = AXScrollingTransformKitTests/Info.plist;
				LD_RUNPATH_SEARCH_PATHS = "$(inherited) @executable_path/Frameworks @loader_path/Frameworks";
				PRODUCT_BUNDLE_IDENTIFIER = com.jiangyou.AXScrollingTransformKitTests;
				PRODUCT_NAME = "$(TARGET_NAME)";
				TEST_HOST = "$(BUILT_PRODUCTS_DIR)/AXScrollingTransformKit.app/AXScrollingTransformKit";
			};
			name = Debug;
		};
		DCC3505D1E753F2A005C6540 /* Release */ = {
			isa = XCBuildConfiguration;
			buildSettings = {
				BUNDLE_LOADER = "$(TEST_HOST)";
				DEVELOPMENT_TEAM = TKA48YVS5T;
				INFOPLIST_FILE = AXScrollingTransformKitTests/Info.plist;
				LD_RUNPATH_SEARCH_PATHS = "$(inherited) @executable_path/Frameworks @loader_path/Frameworks";
				PRODUCT_BUNDLE_IDENTIFIER = com.jiangyou.AXScrollingTransformKitTests;
				PRODUCT_NAME = "$(TARGET_NAME)";
				TEST_HOST = "$(BUILT_PRODUCTS_DIR)/AXScrollingTransformKit.app/AXScrollingTransformKit";
			};
			name = Release;
		};
		DCC3505F1E753F2A005C6540 /* Debug */ = {
			isa = XCBuildConfiguration;
			buildSettings = {
				DEVELOPMENT_TEAM = TKA48YVS5T;
				INFOPLIST_FILE = AXScrollingTransformKitUITests/Info.plist;
				LD_RUNPATH_SEARCH_PATHS = "$(inherited) @executable_path/Frameworks @loader_path/Frameworks";
				PRODUCT_BUNDLE_IDENTIFIER = com.jiangyou.AXScrollingTransformKitUITests;
				PRODUCT_NAME = "$(TARGET_NAME)";
				TEST_TARGET_NAME = AXScrollingTransformKit;
			};
			name = Debug;
		};
		DCC350601E753F2A005C6540 /* Release */ = {
			isa = XCBuildConfiguration;
			buildSettings = {
				DEVELOPMENT_TEAM = TKA48YVS5T;
				INFOPLIST_FILE = AXScrollingTransformKitUITests/Info.plist;
				LD_RUNPATH_SEARCH_PATHS = "$(inherited) @executable_path/Frameworks @loader_path/Frameworks";
				PRODUCT_BUNDLE_IDENTIFIER = com.jiangyou.AXScrollingTransformKitUITests;
				PRODUCT_NAME = "$(TARGET_NAME)";
				TEST_TARGET_NAME = AXScrollingTransformKit;
			};
			name = Release;
		};
/* End XCBuildConfiguration section */

/* Begin XCConfigurationList section */
		DCBCB50E1E7631740031CB82 /* Build configuration list for PBXNativeTarget "AXScrollingTransformKitFramework" */ = {
			isa = XCConfigurationList;
			buildConfigurations = (
				DCBCB50F1E7631740031CB82 /* Debug */,
				DCBCB5101E7631740031CB82 /* Release */,
			);
			defaultConfigurationIsVisible = 0;
		};
		DCBCB5121E7631740031CB82 /* Build configuration list for PBXNativeTarget "AXScrollingTransformKitFrameworkTests" */ = {
			isa = XCConfigurationList;
			buildConfigurations = (
				DCBCB5131E7631740031CB82 /* Debug */,
				DCBCB5141E7631740031CB82 /* Release */,
			);
			defaultConfigurationIsVisible = 0;
		};
		DCC350261E753F2A005C6540 /* Build configuration list for PBXProject "AXScrollingTransformKit" */ = {
			isa = XCConfigurationList;
			buildConfigurations = (
				DCC350561E753F2A005C6540 /* Debug */,
				DCC350571E753F2A005C6540 /* Release */,
			);
			defaultConfigurationIsVisible = 0;
			defaultConfigurationName = Release;
		};
		DCC350581E753F2A005C6540 /* Build configuration list for PBXNativeTarget "AXScrollingTransformKit" */ = {
			isa = XCConfigurationList;
			buildConfigurations = (
				DCC350591E753F2A005C6540 /* Debug */,
				DCC3505A1E753F2A005C6540 /* Release */,
			);
			defaultConfigurationIsVisible = 0;
			defaultConfigurationName = Release;
		};
		DCC3505B1E753F2A005C6540 /* Build configuration list for PBXNativeTarget "AXScrollingTransformKitTests" */ = {
			isa = XCConfigurationList;
			buildConfigurations = (
				DCC3505C1E753F2A005C6540 /* Debug */,
				DCC3505D1E753F2A005C6540 /* Release */,
			);
			defaultConfigurationIsVisible = 0;
			defaultConfigurationName = Release;
		};
		DCC3505E1E753F2A005C6540 /* Build configuration list for PBXNativeTarget "AXScrollingTransformKitUITests" */ = {
			isa = XCConfigurationList;
			buildConfigurations = (
				DCC3505F1E753F2A005C6540 /* Debug */,
				DCC350601E753F2A005C6540 /* Release */,
			);
			defaultConfigurationIsVisible = 0;
			defaultConfigurationName = Release;
		};
/* End XCConfigurationList section */
	};
	rootObject = DCC350231E753F2A005C6540 /* Project object */;
}
